
Microsoft Visual Studio Solution File, Format Version 12.00
# Visual Studio Version 16
VisualStudioVersion = 16.0.30011.22
MinimumVisualStudioVersion = 10.0.40219.1
Project("{FAE04EC0-301F-11D3-BF4B-00C04F79EFBC}") = "DungeonDice", "DungeonDice.csproj", "{EE018AE3-64EF-4C10-8093-3FD5623CFD15}"
EndProject
Global
	GlobalSection(SolutionConfigurationPlatforms) = preSolution
		Debug|Any CPU = Debug|Any CPU
		Release|Any CPU = Release|Any CPU
	EndGlobalSection
	GlobalSection(ProjectConfigurationPlatforms) = postSolution
		{EE018AE3-64EF-4C10-8093-3FD5623CFD15}.Debug|Any CPU.ActiveCfg = Debug|Any CPU
		{EE018AE3-64EF-4C10-8093-3FD5623CFD15}.Debug|Any CPU.Build.0 = Debug|Any CPU
		{EE018AE3-64EF-4C10-8093-3FD5623CFD15}.Release|Any CPU.ActiveCfg = Release|Any CPU
		{EE018AE3-64EF-4C10-8093-3FD5623CFD15}.Release|Any CPU.Build.0 = Release|Any CPU
	EndGlobalSection
	GlobalSection(SolutionProperties) = preSolution
		HideSolutionNode = FALSE
	EndGlobalSection
	GlobalSection(ExtensibilityGlobals) = postSolution
		SolutionGuid = {8C88FCAF-B7FE-4677-AC2C-9EFB74C76196}
	EndGlobalSection
EndGlobal
